<?xml version="1.0" encoding="utf-8"?>
<Project ToolsVersion="4.0" xmlns="http://schemas.microsoft.com/developer/msbuild/2003">
  <ItemGroup>
    <Filter Include="소스 파일">
      <UniqueIdentifier>{4FC737F1-C7A5-4376-A066-2A32D752A2FF}</UniqueIdentifier>
      <Extensions>cpp;c;cc;cxx;def;odl;idl;hpj;bat;asm;asmx</Extensions>
    </Filter>
    <Filter Include="헤더 파일">
      <UniqueIdentifier>{93995380-89BD-4b04-88EB-625FBE52EBFB}</UniqueIdentifier>
      <Extensions>h;hh;hpp;hxx;hm;inl;inc;xsd</Extensions>
    </Filter>
    <Filter Include="리소스 파일">
      <UniqueIdentifier>{67DA6AB6-F800-4c08-8B7A-83BB121AAD01}</UniqueIdentifier>
      <Extensions>rc;ico;cur;bmp;dlg;rc2;rct;bin;rgs;gif;jpg;jpeg;jpe;resx;tiff;tif;png;wav;mfcribbon-ms</Extensions>
    </Filter>
    <Filter Include="소스 파일\Day1">
      <UniqueIdentifier>{3cb559a6-3289-466d-8eae-818e13dd8f4f}</UniqueIdentifier>
    </Filter>
    <Filter Include="소스 파일\Day2">
      <UniqueIdentifier>{27eed551-61ba-4ea8-8393-c5d717d77bdd}</UniqueIdentifier>
    </Filter>
    <Filter Include="소스 파일\Day3">
      <UniqueIdentifier>{acc22054-a6b1-46db-aa44-57c3fb38c20e}</UniqueIdentifier>
    </Filter>
  </ItemGroup>
  <ItemGroup>
    <ClCompile Include="Programmers_Day2(Lv1).cpp">
      <Filter>소스 파일\Day2</Filter>
    </ClCompile>
    <ClCompile Include="Codility_Day2.cpp">
      <Filter>소스 파일\Day2</Filter>
    </ClCompile>
    <ClCompile Include="Programmers_Day2(Lv2).cpp">
      <Filter>소스 파일\Day2</Filter>
    </ClCompile>
    <ClCompile Include="Programmers_Day1.cpp">
      <Filter>소스 파일\Day1</Filter>
    </ClCompile>
    <ClCompile Include="Codility_Day1.cpp">
      <Filter>소스 파일\Day1</Filter>
    </ClCompile>
    <ClCompile Include="Codility_Day3.cpp">
      <Filter>소스 파일\Day3</Filter>
    </ClCompile>
    <ClCompile Include="Programmers_Day3.cpp">
      <Filter>소스 파일\Day3</Filter>
    </ClCompile>
  </ItemGroup>
</Project>